
Microsoft Visual Studio Solution File, Format Version 12.00
# Visual Studio 15
VisualStudioVersion = 15.0.28307.168
MinimumVisualStudioVersion = 10.0.40219.1
Project("{FAE04EC0-301F-11D3-BF4B-00C04F79EFBC}") = "TestCMS", "TestCMS\TestCMS.csproj", "{29F30AAA-A8F5-4318-87BA-FC1BA0149C45}"
EndProject
Global
	GlobalSection(SolutionConfigurationPlatforms) = preSolution
		Debug|Any CPU = Debug|Any CPU
		Release|Any CPU = Release|Any CPU
	EndGlobalSection
	GlobalSection(ProjectConfigurationPlatforms) = postSolution
		{29F30AAA-A8F5-4318-87BA-FC1BA0149C45}.Debug|Any CPU.ActiveCfg = Debug|Any CPU
		{29F30AAA-A8F5-4318-87BA-FC1BA0149C45}.Debug|Any CPU.Build.0 = Debug|Any CPU
		{29F30AAA-A8F5-4318-87BA-FC1BA0149C45}.Release|Any CPU.ActiveCfg = Release|Any CPU
		{29F30AAA-A8F5-4318-87BA-FC1BA0149C45}.Release|Any CPU.Build.0 = Release|Any CPU
	EndGlobalSection
	GlobalSection(SolutionProperties) = preSolution
		HideSolutionNode = FALSE
	EndGlobalSection
	GlobalSection(ExtensibilityGlobals) = postSolution
		SolutionGuid = {EE22C29A-0F83-47E1-B5E8-1158C5037EAF}
	EndGlobalSection
EndGlobal
